
Microsoft Visual Studio Solution File, Format Version 12.00
# Visual Studio Version 17
VisualStudioVersion = 17.0.32112.339
MinimumVisualStudioVersion = 10.0.40219.1
Project("{9A19103F-16F7-4668-BE54-9A1E7A4F7556}") = "InsanKaynaklariYonetimiPlatformu.UI", "InsanKaynaklariYonetimiPlatformu\InsanKaynaklariYonetimiPlatformu.UI.csproj", "{5C8E4CE5-5A91-4F12-9875-20512B7BA80C}"
EndProject
Project("{9A19103F-16F7-4668-BE54-9A1E7A4F7556}") = "InsanKaynaklariYonetimiPlatformu.Entity", "InsanKaynaklariYonetimiPlatformu.Entity\InsanKaynaklariYonetimiPlatformu.Entity.csproj", "{913EA23A-DADC-44A8-96F0-0097F623A1CC}"
EndProject
Project("{9A19103F-16F7-4668-BE54-9A1E7A4F7556}") = "InsanKaynaklariYonetimiPlatformu.DAL", "InsanKaynaklariYonetimiPlatformu.DAL\InsanKaynaklariYonetimiPlatformu.DAL.csproj", "{D62FF4AB-6495-495F-9E4C-EDD2B1F9CE23}"
EndProject
Project("{9A19103F-16F7-4668-BE54-9A1E7A4F7556}") = "InsanKaynaklariYonetimiPlatformu.BLL", "InsanKaynaklariYonetimiPlatformu.BLL\InsanKaynaklariYonetimiPlatformu.BLL.csproj", "{28A24B00-9137-4D2C-BE8F-C235CA01707E}"
EndProject
Project("{9A19103F-16F7-4668-BE54-9A1E7A4F7556}") = "InsanKaynaklariYonetimiPlatformu.ViewModels", "InsanKaynaklariYonetimiPlatformu.ViewModels\InsanKaynaklariYonetimiPlatformu.ViewModels.csproj", "{16769445-E989-49A3-8220-1798BC4CD130}"
EndProject
Global
	GlobalSection(SolutionConfigurationPlatforms) = preSolution
		Debug|Any CPU = Debug|Any CPU
		Release|Any CPU = Release|Any CPU
	EndGlobalSection
	GlobalSection(ProjectConfigurationPlatforms) = postSolution
		{5C8E4CE5-5A91-4F12-9875-20512B7BA80C}.Debug|Any CPU.ActiveCfg = Debug|Any CPU
		{5C8E4CE5-5A91-4F12-9875-20512B7BA80C}.Debug|Any CPU.Build.0 = Debug|Any CPU
		{5C8E4CE5-5A91-4F12-9875-20512B7BA80C}.Release|Any CPU.ActiveCfg = Release|Any CPU
		{5C8E4CE5-5A91-4F12-9875-20512B7BA80C}.Release|Any CPU.Build.0 = Release|Any CPU
		{913EA23A-DADC-44A8-96F0-0097F623A1CC}.Debug|Any CPU.ActiveCfg = Debug|Any CPU
		{913EA23A-DADC-44A8-96F0-0097F623A1CC}.Debug|Any CPU.Build.0 = Debug|Any CPU
		{913EA23A-DADC-44A8-96F0-0097F623A1CC}.Release|Any CPU.ActiveCfg = Release|Any CPU
		{913EA23A-DADC-44A8-96F0-0097F623A1CC}.Release|Any CPU.Build.0 = Release|Any CPU
		{D62FF4AB-6495-495F-9E4C-EDD2B1F9CE23}.Debug|Any CPU.ActiveCfg = Debug|Any CPU
		{D62FF4AB-6495-495F-9E4C-EDD2B1F9CE23}.Debug|Any CPU.Build.0 = Debug|Any CPU
		{D62FF4AB-6495-495F-9E4C-EDD2B1F9CE23}.Release|Any CPU.ActiveCfg = Release|Any CPU
		{D62FF4AB-6495-495F-9E4C-EDD2B1F9CE23}.Release|Any CPU.Build.0 = Release|Any CPU
		{28A24B00-9137-4D2C-BE8F-C235CA01707E}.Debug|Any CPU.ActiveCfg = Debug|Any CPU
		{28A24B00-9137-4D2C-BE8F-C235CA01707E}.Debug|Any CPU.Build.0 = Debug|Any CPU
		{28A24B00-9137-4D2C-BE8F-C235CA01707E}.Release|Any CPU.ActiveCfg = Release|Any CPU
		{28A24B00-9137-4D2C-BE8F-C235CA01707E}.Release|Any CPU.Build.0 = Release|Any CPU
		{16769445-E989-49A3-8220-1798BC4CD130}.Debug|Any CPU.ActiveCfg = Debug|Any CPU
		{16769445-E989-49A3-8220-1798BC4CD130}.Debug|Any CPU.Build.0 = Debug|Any CPU
		{16769445-E989-49A3-8220-1798BC4CD130}.Release|Any CPU.ActiveCfg = Release|Any CPU
		{16769445-E989-49A3-8220-1798BC4CD130}.Release|Any CPU.Build.0 = Release|Any CPU
	EndGlobalSection
	GlobalSection(SolutionProperties) = preSolution
		HideSolutionNode = FALSE
	EndGlobalSection
	GlobalSection(ExtensibilityGlobals) = postSolution
		SolutionGuid = {73C4C14E-30FA-41C9-B2B0-41EBC9358D8F}
	EndGlobalSection
EndGlobal
